
Microsoft Visual Studio Solution File, Format Version 12.00
# Visual Studio Version 17
VisualStudioVersion = 17.11.35312.102
MinimumVisualStudioVersion = 10.0.40219.1
Project("{2150E333-8FDC-42A3-9474-1A3956D46DE8}") = "Solution Items", "Solution Items", "{07E887F8-4972-47F6-8939-F65BEF58A421}"
	ProjectSection(SolutionItems) = preProject
		README.md = README.md
	EndProjectSection
EndProject
Project("{9A19103F-16F7-4668-BE54-9A1E7A4F7556}") = "maatwerkgiethoorn.blazor.components.bs5", "Src\maatwerkgiethoorn.blazor.components.bs5.csproj", "{EE6A8F55-F614-48AE-B930-5EB205C51811}"
EndProject
Project("{9A19103F-16F7-4668-BE54-9A1E7A4F7556}") = "TestServerApp", "Demo\TestServerApp.csproj", "{18B9CEF3-14CD-48E6-AF5C-98A74CBD8F7D}"
EndProject
Project("{2150E333-8FDC-42A3-9474-1A3956D46DE8}") = "Src", "Src", "{F3FD6E97-CC59-4E15-8D4D-E920A0D98E06}"
EndProject
Project("{2150E333-8FDC-42A3-9474-1A3956D46DE8}") = "Demo", "Demo", "{7ED6CEE5-3D44-473A-830A-ED3F04FB0408}"
EndProject
Global
	GlobalSection(SolutionConfigurationPlatforms) = preSolution
		Debug|Any CPU = Debug|Any CPU
		Release|Any CPU = Release|Any CPU
	EndGlobalSection
	GlobalSection(ProjectConfigurationPlatforms) = postSolution
		{EE6A8F55-F614-48AE-B930-5EB205C51811}.Debug|Any CPU.ActiveCfg = Debug|Any CPU
		{EE6A8F55-F614-48AE-B930-5EB205C51811}.Debug|Any CPU.Build.0 = Debug|Any CPU
		{EE6A8F55-F614-48AE-B930-5EB205C51811}.Release|Any CPU.ActiveCfg = Release|Any CPU
		{EE6A8F55-F614-48AE-B930-5EB205C51811}.Release|Any CPU.Build.0 = Release|Any CPU
		{18B9CEF3-14CD-48E6-AF5C-98A74CBD8F7D}.Debug|Any CPU.ActiveCfg = Debug|Any CPU
		{18B9CEF3-14CD-48E6-AF5C-98A74CBD8F7D}.Debug|Any CPU.Build.0 = Debug|Any CPU
		{18B9CEF3-14CD-48E6-AF5C-98A74CBD8F7D}.Release|Any CPU.ActiveCfg = Release|Any CPU
		{18B9CEF3-14CD-48E6-AF5C-98A74CBD8F7D}.Release|Any CPU.Build.0 = Release|Any CPU
	EndGlobalSection
	GlobalSection(SolutionProperties) = preSolution
		HideSolutionNode = FALSE
	EndGlobalSection
	GlobalSection(NestedProjects) = preSolution
		{EE6A8F55-F614-48AE-B930-5EB205C51811} = {F3FD6E97-CC59-4E15-8D4D-E920A0D98E06}
		{18B9CEF3-14CD-48E6-AF5C-98A74CBD8F7D} = {7ED6CEE5-3D44-473A-830A-ED3F04FB0408}
	EndGlobalSection
	GlobalSection(ExtensibilityGlobals) = postSolution
		SolutionGuid = {E549A0EE-FFC6-441B-9F75-B7CCA0890A8E}
	EndGlobalSection
EndGlobal
