
Microsoft Visual Studio Solution File, Format Version 12.00
# Visual Studio Version 17
VisualStudioVersion = 17.11.35312.102
MinimumVisualStudioVersion = 10.0.40219.1
Project("{9A19103F-16F7-4668-BE54-9A1E7A4F7556}") = "TestServerApp", "TestServerApp\TestServerApp.csproj", "{00A59C77-0363-484E-BF70-B8709692546A}"
EndProject
Project("{2150E333-8FDC-42A3-9474-1A3956D46DE8}") = "Solution Items", "Solution Items", "{07E887F8-4972-47F6-8939-F65BEF58A421}"
	ProjectSection(SolutionItems) = preProject
		mwg.blazor.components.bs5\azure-pipelines.yml = mwg.blazor.components.bs5\azure-pipelines.yml
		README.md = README.md
	EndProjectSection
EndProject
Project("{9A19103F-16F7-4668-BE54-9A1E7A4F7556}") = "maatwerkgiethoorn.blazor.components.bs5", "maatwerkgiethoorn.blazor.components.bs5\maatwerkgiethoorn.blazor.components.bs5.csproj", "{7CDC02D7-62B1-4DCD-A1B1-E2DEFD2B1AF1}"
EndProject
Global
	GlobalSection(SolutionConfigurationPlatforms) = preSolution
		Debug|Any CPU = Debug|Any CPU
		Release|Any CPU = Release|Any CPU
	EndGlobalSection
	GlobalSection(ProjectConfigurationPlatforms) = postSolution
		{00A59C77-0363-484E-BF70-B8709692546A}.Debug|Any CPU.ActiveCfg = Debug|Any CPU
		{00A59C77-0363-484E-BF70-B8709692546A}.Debug|Any CPU.Build.0 = Debug|Any CPU
		{00A59C77-0363-484E-BF70-B8709692546A}.Release|Any CPU.ActiveCfg = Release|Any CPU
		{00A59C77-0363-484E-BF70-B8709692546A}.Release|Any CPU.Build.0 = Release|Any CPU
		{7CDC02D7-62B1-4DCD-A1B1-E2DEFD2B1AF1}.Debug|Any CPU.ActiveCfg = Debug|Any CPU
		{7CDC02D7-62B1-4DCD-A1B1-E2DEFD2B1AF1}.Debug|Any CPU.Build.0 = Debug|Any CPU
		{7CDC02D7-62B1-4DCD-A1B1-E2DEFD2B1AF1}.Release|Any CPU.ActiveCfg = Release|Any CPU
		{7CDC02D7-62B1-4DCD-A1B1-E2DEFD2B1AF1}.Release|Any CPU.Build.0 = Release|Any CPU
	EndGlobalSection
	GlobalSection(SolutionProperties) = preSolution
		HideSolutionNode = FALSE
	EndGlobalSection
	GlobalSection(ExtensibilityGlobals) = postSolution
		SolutionGuid = {E549A0EE-FFC6-441B-9F75-B7CCA0890A8E}
	EndGlobalSection
EndGlobal
